lockfileVersion: '9.0'

settings:
  autoInstallPeers: true
  excludeLinksFromLockfile: false

importers:

  .:
    dependencies:
      '@tiptap/extension-blockquote':
        specifier: ^3.30.3
        version: 3.30.3(@tiptap/core@3.30.3(@tiptap/pm@3.30.3))(@tiptap/pm@3.30.3)
      '@tiptap/extension-details':
        specifier: ^3.30.3
        version: 3.30.3(@tiptap/core@3.30.3(@tiptap/pm@3.30.3))(@tiptap/extension-text-style@3.30.3(@tiptap/core@3.30.3(@tiptap/pm@3.30.3)))(@tiptap/pm@3.30.3)
      '@tiptap/extension-image':
        specifier: ^3.30.3
        version: 3.30.3(@tiptap/core@3.30.3(@tiptap/pm@3.30.3))
      '@tiptap/extension-list':
        specifier: ^3.30.3
        version: 3.30.3(@tiptap/core@3.30.3(@tiptap/pm@3.30.3))(@tiptap/pm@3.30.3)
      '@tiptap/extension-mention':
        specifier: ^3.30.3
        version: 3.30.3(@tiptap/core@3.30.3(@tiptap/pm@3.30.3))(@tiptap/pm@3.30.3)(@tiptap/suggestion@3.30.3(@floating-ui/dom@1.8.0)(@tiptap/core@3.30.3(@tiptap/pm@3.30.3))(@tiptap/pm@3.30.3))
      '@tiptap/extension-table':
        specifier: ^3.30.3
        version: 3.30.3(@tiptap/core@3.30.3(@tiptap/pm@3.30.3))(@tiptap/pm@3.30.3)
      '@tiptap/extension-text-align':
        specifier: ^3.30.3
        version: 3.30.3(@tiptap/core@3.30.3(@tiptap/pm@3.30.3))
      '@tiptap/extensions':
        specifier: ^3.30.3
        version: 3.30.3(@tiptap/core@3.30.3(@tiptap/pm@3.30.3))(@tiptap/pm@3.30.3)

packages:

  '@floating-ui/core@1.8.0':
    resolution: {integrity: sha512-0CIZ5itps/8x7BG8dEIhs53BvCUH2PCoogtakwRTut+Arm58sJooJ0AuZhLw2HJYIR5cMLNPBSS728sPho2khQ==}

  '@floating-ui/dom@1.8.0':
    resolution: {integrity: sha512-yXSrzeHZBTZadLOlfyhCkJHNeLJnHRnRInwdZ40L7ZiaAtrBwoYlsDrX3v5zB1Utk7CLfzcOVnVVWoXEky7Ceg==}

  '@floating-ui/utils@0.2.12':
    resolution: {integrity: sha512-HpCo8tmWzLVad5s2d19EhAz5zqrrQ6s69qd6moPMQvkOuSwDT1YgRfWSVuc4ennqrgv3OHppiOGMQ7oC13yIww==}

  '@tiptap/core@3.30.3':
    resolution: {integrity: sha512-kDD8KY99lBCKntCqTBE9eNR1ul/i/wPFw2METWT+LYZvifljXq2oiX6JaGF1Sk59efe7+sq9IISxOk47YlBiWQ==}
    peerDependencies:
      '@tiptap/pm': 3.30.3

  '@tiptap/extension-blockquote@3.30.3':
    resolution: {integrity: sha512-Dh8yfEqBKTqEdBKZ4Ta3DkTecP0VJxvRNA5b1LCF7gBbe54Lm3A28UuVvK/Sdhh9FJDrIVCQTDS0yHGbi6G9ew==}
    peerDependencies:
      '@tiptap/core': 3.30.3
      '@tiptap/pm': 3.30.3

  '@tiptap/extension-details@3.30.3':
    resolution: {integrity: sha512-CXf8L1jMO4Vi2UKWeMNBoGAfHIIotveWiezPkOfiD+Vx+tuXJak/YqUgubiFxbZsBgTHzaMpnw8VzmqAuSXVdw==}
    peerDependencies:
      '@tiptap/core': 3.30.3
      '@tiptap/extension-text-style': 3.30.3
      '@tiptap/pm': 3.30.3

  '@tiptap/extension-image@3.30.3':
    resolution: {integrity: sha512-vbKMliRLXkABwnPenPlQDEVp3MFN7Hs+WUh1eliVmYfsBfhEo596ahahv+JVoR9JW6HSM+LVdf2TT19Iqmh0sg==}
    peerDependencies:
      '@tiptap/core': 3.30.3

  '@tiptap/extension-list@3.30.3':
    resolution: {integrity: sha512-cCX99WoVb4UyXkamSh0vlXiRFhlZnwk3WXWdnXpR1E9+auxsQewk2Q9NDW1Ra0vwgzer1gkFhlOl9TCVzH2VVg==}
    peerDependencies:
      '@tiptap/core': 3.30.3
      '@tiptap/pm': 3.30.3

  '@tiptap/extension-mention@3.30.3':
    resolution: {integrity: sha512-5iAYJPX7/4QMYgcugZ/tlZTBcy04ioOQMcQVy/m7QpM33tR+iuF7wgf9Q9p4zoW0kmazSRkR9OQX51C+7FSePg==}
    peerDependencies:
      '@tiptap/core': 3.30.3
      '@tiptap/pm': 3.30.3
      '@tiptap/suggestion': 3.30.3

  '@tiptap/extension-table@3.30.3':
    resolution: {integrity: sha512-g9vop64Ky92sBeL51wqMnVPNv9nDOd5X1CZz3B/Y5hDn1MKxf9lo7amkj7f+B2wi4WU9k/hIVCYb4sSRSeCq2A==}
    peerDependencies:
      '@tiptap/core': 3.30.3
      '@tiptap/pm': 3.30.3

  '@tiptap/extension-text-align@3.30.3':
    resolution: {integrity: sha512-pwIZMn/PYoWZiUXrrD9oomV+Oh/GGhlIpa7Hr2WxdI8k3HZraweHa8S3ygvCUbodo9BWSI4zBs4KM3ic50cwlg==}
    peerDependencies:
      '@tiptap/core': 3.30.3

  '@tiptap/extension-text-style@3.30.3':
    resolution: {integrity: sha512-aMacIkBwvcSABIXIOK0iCmGfNLICuuIWGiozycFwIJfwv87xwO6xAXfc6Q4/m3RE9Oj1DPqWohXMtc8tOp002w==}
    peerDependencies:
      '@tiptap/core': 3.30.3

  '@tiptap/extensions@3.30.3':
    resolution: {integrity: sha512-vig8ZjUL/NFnniEVbYDYj2UOIdkwZVha+9myFZkanShedviE3kl7c4uCY3fMl5EnqgyFIy2TQSKbg/i99xpztA==}
    peerDependencies:
      '@tiptap/core': 3.30.3
      '@tiptap/pm': 3.30.3

  '@tiptap/pm@3.30.3':
    resolution: {integrity: sha512-VheaqLAFUe+PCYEgHubM96Z1OAiluFhijQ2Cy1Ghiozoxm5OzevSaKhqm8SQ1VGfzZZko59oUjRzOmu8tB8yfA==}

  '@tiptap/suggestion@3.30.3':
    resolution: {integrity: sha512-fPmPJh4Ovl2n6xDSaYnPeFGlJM2n5DG4zoCoSMKRWNkfpdfwBfQDKaOOispcXc+4D/UTvFDKWVDJY8L9D53pfA==}
    peerDependencies:
      '@floating-ui/dom': ^1.0.0
      '@tiptap/core': 3.30.3
      '@tiptap/pm': 3.30.3

  orderedmap@2.1.1:
    resolution: {integrity: sha512-TvAWxi0nDe1j/rtMcWcIj94+Ffe6n7zhow33h40SKxmsmozs6dz/e+EajymfoFcHd7sxNn8yHM8839uixMOV6g==}

  prosemirror-changeset@2.4.2:
    resolution: {integrity: sha512-ViYrjMSg3YFiXwIhKaluu+/mi3Yrxt6AR8ri14ulTaGcZtXO1CThl7A2gv79qx5fQnOw8woKwyBU2u+9PVCm3w==}

  prosemirror-commands@1.7.2:
    resolution: {integrity: sha512-q6Q6szxqdu9Xd6EcdKsqXghu5nQdZTpB4Q9yd04WRc7/jt763e/rT60Owh0L1GYY+T46o5rD+9lEN36dZS43tw==}

  prosemirror-dropcursor@1.8.3:
    resolution: {integrity: sha512-FoYbsJR8gK+DGlqhNoE29Loa38eIZPzQRIb1VMaDNBoo4OLP6vVof/jR8qFY/6XvUd6Dhug8MDCHl2a/h8RTfQ==}

  prosemirror-gapcursor@1.4.1:
    resolution: {integrity: sha512-pMdYaEnjNMSwl11yjEGtgTmLkR08m/Vl+Jj443167p9eB3HVQKhYCc4gmHVDsLPODfZfjr/MmirsdyZziXbQKw==}

  prosemirror-history@1.5.0:
    resolution: {integrity: sha512-zlzTiH01eKA55UAf1MEjtssJeHnGxO0j4K4Dpx+gnmX9n+SHNlDqI2oO1Kv1iPN5B1dm5fsljCfqKF9nFL6HRg==}

  prosemirror-inputrules@1.5.1:
    resolution: {integrity: sha512-7wj4uMjKaXWAQ1CDgxNzNtR9AlsuwzHfdFH1ygEHA2KHF2DOEaXl1CJfNPAKCg9qNEh4rum975QLaCiQPyY6Fw==}

  prosemirror-keymap@1.2.3:
    resolution: {integrity: sha512-4HucRlpiLd1IPQQXNqeo81BGtkY8Ai5smHhKW9jjPKRc2wQIxksg7Hl1tTI2IfT2B/LgX6bfYvXxEpJl7aKYKw==}

  prosemirror-model@1.25.11:
    resolution: {integrity: sha512-QWg9RhnpLlogAmp3p96uEFrE5txQpFynd4vhBAELkwgOCWQs/X0yCzB3/hrHqiPwf91RG5KyWq6553zs9JqIOQ==}

  prosemirror-schema-list@1.5.1:
    resolution: {integrity: sha512-927lFx/uwyQaGwJxLWCZRkjXG0p48KpMj6ueoYiu4JX05GGuGcgzAy62dfiV8eFZftgyBUvLx76RsMe20fJl+Q==}

  prosemirror-state@1.4.4:
    resolution: {integrity: sha512-6jiYHH2CIGbCfnxdHbXZ12gySFY/fz/ulZE333G6bPqIZ4F+TXo9ifiR86nAHpWnfoNjOb3o5ESi7J8Uz1jXHw==}

  prosemirror-tables@1.8.5:
    resolution: {integrity: sha512-V/0cDCsHKHe/tfWkeCmthNUcEp1IVO3p6vwN8XtwE9PZQLAZJigbw3QoraAdfJPir4NKJtNvOB8oYGKRl+t0Dw==}

  prosemirror-transform@1.12.0:
    resolution: {integrity: sha512-GxboyN4AMIsoHNtz5uf2r2Ru551i5hWeCMD6E2Ib4Eogqoub0NflniaBPVQ4MrGE5yZ8JV9tUHg9qcZTTrcN4w==}

  prosemirror-view@1.42.3:
    resolution: {integrity: sha512-oTN7EtH+CpwxU9NrwEYWd0UZ4JUx7l048l5A2Xppm4p/60isZYLnth9QVQmC3VRIvdrIWCxwZSd+Uz791G31/w==}

  rope-sequence@1.3.4:
    resolution: {integrity: sha512-UT5EDe2cu2E/6O4igUr5PSFs23nvvukicWHx6GnOPlHAiiYbzNuCRQCuiUdHJQcqKalLKlrYJnjY0ySGsXNQXQ==}

  w3c-keyname@2.2.8:
    resolution: {integrity: sha512-dpojBhNsCNN7T82Tm7k26A6G9ML3NkhDsnw9n/eoxSRlVBB4CEtIQ/KTCLI2Fwf3ataSXRhYFkQi3SlnFwPvPQ==}

snapshots:

  '@floating-ui/core@1.8.0':
    dependencies:
      '@floating-ui/utils': 0.2.12

  '@floating-ui/dom@1.8.0':
    dependencies:
      '@floating-ui/core': 1.8.0
      '@floating-ui/utils': 0.2.12

  '@floating-ui/utils@0.2.12': {}

  '@tiptap/core@3.30.3(@tiptap/pm@3.30.3)':
    dependencies:
      '@tiptap/pm': 3.30.3

  '@tiptap/extension-blockquote@3.30.3(@tiptap/core@3.30.3(@tiptap/pm@3.30.3))(@tiptap/pm@3.30.3)':
    dependencies:
      '@tiptap/core': 3.30.3(@tiptap/pm@3.30.3)
      '@tiptap/pm': 3.30.3

  '@tiptap/extension-details@3.30.3(@tiptap/core@3.30.3(@tiptap/pm@3.30.3))(@tiptap/extension-text-style@3.30.3(@tiptap/core@3.30.3(@tiptap/pm@3.30.3)))(@tiptap/pm@3.30.3)':
    dependencies:
      '@tiptap/core': 3.30.3(@tiptap/pm@3.30.3)
      '@tiptap/extension-text-style': 3.30.3(@tiptap/core@3.30.3(@tiptap/pm@3.30.3))
      '@tiptap/pm': 3.30.3

  '@tiptap/extension-image@3.30.3(@tiptap/core@3.30.3(@tiptap/pm@3.30.3))':
    dependencies:
      '@tiptap/core': 3.30.3(@tiptap/pm@3.30.3)

  '@tiptap/extension-list@3.30.3(@tiptap/core@3.30.3(@tiptap/pm@3.30.3))(@tiptap/pm@3.30.3)':
    dependencies:
      '@tiptap/core': 3.30.3(@tiptap/pm@3.30.3)
      '@tiptap/pm': 3.30.3

  '@tiptap/extension-mention@3.30.3(@tiptap/core@3.30.3(@tiptap/pm@3.30.3))(@tiptap/pm@3.30.3)(@tiptap/suggestion@3.30.3(@floating-ui/dom@1.8.0)(@tiptap/core@3.30.3(@tiptap/pm@3.30.3))(@tiptap/pm@3.30.3))':
    dependencies:
      '@tiptap/core': 3.30.3(@tiptap/pm@3.30.3)
      '@tiptap/pm': 3.30.3
      '@tiptap/suggestion': 3.30.3(@floating-ui/dom@1.8.0)(@tiptap/core@3.30.3(@tiptap/pm@3.30.3))(@tiptap/pm@3.30.3)

  '@tiptap/extension-table@3.30.3(@tiptap/core@3.30.3(@tiptap/pm@3.30.3))(@tiptap/pm@3.30.3)':
    dependencies:
      '@tiptap/core': 3.30.3(@tiptap/pm@3.30.3)
      '@tiptap/pm': 3.30.3

  '@tiptap/extension-text-align@3.30.3(@tiptap/core@3.30.3(@tiptap/pm@3.30.3))':
    dependencies:
      '@tiptap/core': 3.30.3(@tiptap/pm@3.30.3)

  '@tiptap/extension-text-style@3.30.3(@tiptap/core@3.30.3(@tiptap/pm@3.30.3))':
    dependencies:
      '@tiptap/core': 3.30.3(@tiptap/pm@3.30.3)

  '@tiptap/extensions@3.30.3(@tiptap/core@3.30.3(@tiptap/pm@3.30.3))(@tiptap/pm@3.30.3)':
    dependencies:
      '@tiptap/core': 3.30.3(@tiptap/pm@3.30.3)
      '@tiptap/pm': 3.30.3

  '@tiptap/pm@3.30.3':
    dependencies:
      prosemirror-changeset: 2.4.2
      prosemirror-commands: 1.7.2
      prosemirror-dropcursor: 1.8.3
      prosemirror-gapcursor: 1.4.1
      prosemirror-history: 1.5.0
      prosemirror-inputrules: 1.5.1
      prosemirror-keymap: 1.2.3
      prosemirror-model: 1.25.11
      prosemirror-schema-list: 1.5.1
      prosemirror-state: 1.4.4
      prosemirror-tables: 1.8.5
      prosemirror-transform: 1.12.0
      prosemirror-view: 1.42.3

  '@tiptap/suggestion@3.30.3(@floating-ui/dom@1.8.0)(@tiptap/core@3.30.3(@tiptap/pm@3.30.3))(@tiptap/pm@3.30.3)':
    dependencies:
      '@floating-ui/dom': 1.8.0
      '@tiptap/core': 3.30.3(@tiptap/pm@3.30.3)
      '@tiptap/pm': 3.30.3

  orderedmap@2.1.1: {}

  prosemirror-changeset@2.4.2:
    dependencies:
      prosemirror-transform: 1.12.0

  prosemirror-commands@1.7.2:
    dependencies:
      prosemirror-model: 1.25.11
      prosemirror-state: 1.4.4
      prosemirror-transform: 1.12.0

  prosemirror-dropcursor@1.8.3:
    dependencies:
      prosemirror-state: 1.4.4
      prosemirror-transform: 1.12.0
      prosemirror-view: 1.42.3

  prosemirror-gapcursor@1.4.1:
    dependencies:
      prosemirror-keymap: 1.2.3
      prosemirror-model: 1.25.11
      prosemirror-state: 1.4.4
      prosemirror-view: 1.42.3

  prosemirror-history@1.5.0:
    dependencies:
      prosemirror-state: 1.4.4
      prosemirror-transform: 1.12.0
      prosemirror-view: 1.42.3
      rope-sequence: 1.3.4

  prosemirror-inputrules@1.5.1:
    dependencies:
      prosemirror-state: 1.4.4
      prosemirror-transform: 1.12.0

  prosemirror-keymap@1.2.3:
    dependencies:
      prosemirror-state: 1.4.4
      w3c-keyname: 2.2.8

  prosemirror-model@1.25.11:
    dependencies:
      orderedmap: 2.1.1

  prosemirror-schema-list@1.5.1:
    dependencies:
      prosemirror-model: 1.25.11
      prosemirror-state: 1.4.4
      prosemirror-transform: 1.12.0

  prosemirror-state@1.4.4:
    dependencies:
      prosemirror-model: 1.25.11
      prosemirror-transform: 1.12.0
      prosemirror-view: 1.42.3

  prosemirror-tables@1.8.5:
    dependencies:
      prosemirror-keymap: 1.2.3
      prosemirror-model: 1.25.11
      prosemirror-state: 1.4.4
      prosemirror-transform: 1.12.0
      prosemirror-view: 1.42.3

  prosemirror-transform@1.12.0:
    dependencies:
      prosemirror-model: 1.25.11

  prosemirror-view@1.42.3:
    dependencies:
      prosemirror-model: 1.25.11
      prosemirror-state: 1.4.4
      prosemirror-transform: 1.12.0

  rope-sequence@1.3.4: {}

  w3c-keyname@2.2.8: {}
